PODS:
  - Flutter (1.0.0)
  - flutter_keyboard_visibility (0.0.1):
    - Flutter
  - flutter_secure_storage (3.3.1):
    - Flutter
  - MTBBarcodeScanner (5.0.11)
  - qr_code_scanner (0.0.2):
    - Flutter
    - MTBBarcodeScanner
  - qrscan (0.0.1):
    - Flutter
  - shared_preferences (0.0.1):
    - Flutter
  - vibration (1.5.0):
    - Flutter
  - webview_flutter (0.0.1):
    - Flutter

DEPENDENCIES:
  - Flutter (from `Flutter`)
  - flutter_keyboard_visibility (from `.symlinks/plugins/flutter_keyboard_visibility/ios`)
  - flutter_secure_storage (from `.symlinks/plugins/flutter_secure_storage/ios`)
  - qr_code_scanner (from `.symlinks/plugins/qr_code_scanner/ios`)
  - qrscan (from `.symlinks/plugins/qrscan/ios`)
  - shared_preferences (from `.symlinks/plugins/shared_preferences/ios`)
  - vibration (from `.symlinks/plugins/vibration/ios`)
  - webview_flutter (from `.symlinks/plugins/webview_flutter/ios`)

SPEC REPOS:
  trunk:
    - MTBBarcodeScanner

EXTERNAL SOURCES:
  Flutter:
    :path: Flutter
  flutter_keyboard_visibility:
    :path: ".symlinks/plugins/flutter_keyboard_visibility/ios"
  flutter_secure_storage:
    :path: ".symlinks/plugins/flutter_secure_storage/ios"
  qr_code_scanner:
    :path: ".symlinks/plugins/qr_code_scanner/ios"
  qrscan:
    :path: ".symlinks/plugins/qrscan/ios"
  shared_preferences:
    :path: ".symlinks/plugins/shared_preferences/ios"
  vibration:
    :path: ".symlinks/plugins/vibration/ios"
  webview_flutter:
    :path: ".symlinks/plugins/webview_flutter/ios"

SPEC CHECKSUMS:
  Flutter: 0e3d915762c693b495b44d77113d4970485de6ec
  flutter_keyboard_visibility: 0339d06371254c3eb25eeb90ba8d17dca8f9c069
  flutter_secure_storage: 7953c38a04c3fdbb00571bcd87d8e3b5ceb9daec
  MTBBarcodeScanner: f453b33c4b7dfe545d8c6484ed744d55671788cb
  qr_code_scanner: 16107718bdad7d708cdf6a5eacdca24b56cdf471
  qrscan: 42f49ba37d3c423a3b140434003e821135cfc4c3
  shared_preferences: af6bfa751691cdc24be3045c43ec037377ada40d
  vibration: 64de683387ea8cc822f7b4f1653747bc8ff91662
  webview_flutter: d2b4d6c66968ad042ad94cbb791f5b72b4678a96

PODFILE CHECKSUM: aafe91acc616949ddb318b77800a7f51bffa2a4c

COCOAPODS: 1.9.3
